{
  "nodes": {
    "firefox-gnome-theme": {
      "flake": false,
      "locked": {
        "lastModified": 1748383148,
        "narHash": "sha256-pGvD/RGuuPf/4oogsfeRaeMm6ipUIznI2QSILKjKzeA=",
        "owner": "rafaelmardojai",
        "repo": "firefox-gnome-theme",
        "rev": "4eb2714fbed2b80e234312611a947d6cb7d70caf",
        "type": "github"
      },
      "original": {
        "owner": "rafaelmardojai",
        "repo": "firefox-gnome-theme",
        "type": "github"
      }
    },
    "flake-parts": {
      "inputs": {
        "nixpkgs-lib": [
          "nixvim",
          "nixpkgs"
        ]
      },
      "locked": {
        "lastModified": 1749398372,
        "narHash": "sha256-tYBdgS56eXYaWVW3fsnPQ/nFlgWi/Z2Ymhyu21zVM98=",
        "owner": "hercules-ci",
        "repo": "flake-parts",
        "rev": "9305fe4e5c2a6fcf5ba6a3ff155720fbe4076569",
        "type": "github"
      },
      "original": {
        "owner": "hercules-ci",
        "repo": "flake-parts",
        "type": "github"
      }
    },
    "flake-utils": {
      "inputs": {
        "systems": "systems"
      },
      "locked": {
        "lastModified": 1731533236,
        "narHash": "sha256-l0KFg5HjrsfsO/JpG+r7fRrqm12kzFHyUHqHCVpMMbI=",
        "owner": "numtide",
        "repo": "flake-utils",
        "rev": "11707dc2f618dd54ca8739b309ec4fc024de578b",
        "type": "github"
      },
      "original": {
        "owner": "numtide",
        "repo": "flake-utils",
        "type": "github"
      }
    },
    "home-manager": {
      "inputs": {
        "nixpkgs": [
          "nixpkgs-unstable"
        ]
      },
      "locked": {
        "lastModified": 1751146119,
        "narHash": "sha256-gvjG95TCnUVJkvQvLMlnC4NqiqFyBdJk3o8/RwuHeaU=",
        "owner": "nix-community",
        "repo": "home-manager",
        "rev": "76d0c31fce2aa0c71409de953e2f9113acd5b656",
        "type": "github"
      },
      "original": {
        "owner": "nix-community",
        "repo": "home-manager",
        "type": "github"
      }
    },
    "ixx": {
      "inputs": {
        "flake-utils": [
          "nixvim",
          "nuschtosSearch",
          "flake-utils"
        ],
        "nixpkgs": [
          "nixvim",
          "nuschtosSearch",
          "nixpkgs"
        ]
      },
      "locked": {
        "lastModified": 1748294338,
        "narHash": "sha256-FVO01jdmUNArzBS7NmaktLdGA5qA3lUMJ4B7a05Iynw=",
        "owner": "NuschtOS",
        "repo": "ixx",
        "rev": "cc5f390f7caf265461d4aab37e98d2292ebbdb85",
        "type": "github"
      },
      "original": {
        "owner": "NuschtOS",
        "ref": "v0.0.8",
        "repo": "ixx",
        "type": "github"
      }
    },
    "nix-flatpak": {
      "locked": {
        "lastModified": 1699563939,
        "narHash": "sha256-2Z4IP5Vb7jDVaDrKMO1tzLvpfuBpgTk9kJ2Okurv7rc=",
        "owner": "gmodena",
        "repo": "nix-flatpak",
        "rev": "df3ea9930422fb14bf00e857ff771ddb85aafba6",
        "type": "github"
      },
      "original": {
        "owner": "gmodena",
        "ref": "v0.1.0",
        "repo": "nix-flatpak",
        "type": "github"
      }
    },
    "nixarr": {
      "inputs": {
        "nixpkgs": "nixpkgs",
        "vpnconfinement": "vpnconfinement",
        "website-builder": "website-builder"
      },
      "locked": {
        "lastModified": 1743834822,
        "narHash": "sha256-VZZrnfnhhrS1f02Ewyx8OBotsGzRouJRn6Q4JK0HVjk=",
        "owner": "rlad78",
        "repo": "nixarr",
        "rev": "2038a5985b230668a491d25bf5298fd48781676a",
        "type": "github"
      },
      "original": {
        "owner": "rlad78",
        "ref": "prod",
        "repo": "nixarr",
        "type": "github"
      }
    },
    "nixos-hardware": {
      "locked": {
        "lastModified": 1750837715,
        "narHash": "sha256-2m1ceZjbmgrJCZ2PuQZaK4in3gcg3o6rZ7WK6dr5vAA=",
        "owner": "NixOS",
        "repo": "nixos-hardware",
        "rev": "98236410ea0fe204d0447149537a924fb71a6d4f",
        "type": "github"
      },
      "original": {
        "owner": "NixOS",
        "ref": "master",
        "repo": "nixos-hardware",
        "type": "github"
      }
    },
    "nixpkgs": {
      "locked": {
        "lastModified": 1741402956,
        "narHash": "sha256-y2hByvBM03s9T2fpeLjW6iprbxnhV9mJMmSwCHc41ZQ=",
        "owner": "nixos",
        "repo": "nixpkgs",
        "rev": "ed0b1881565c1ffef490c10d663d4f542031dad3",
        "type": "github"
      },
      "original": {
        "owner": "nixos",
        "ref": "nixpkgs-unstable",
        "repo": "nixpkgs",
        "type": "github"
      }
    },
    "nixpkgs-unstable": {
      "locked": {
        "lastModified": 1751211625,
        "narHash": "sha256-qTGbq2uYgLu50ryosFbIkAg89FoiWimX65l2kXJMPEA=",
        "owner": "NixOS",
        "repo": "nixpkgs",
        "rev": "ff0515b50bfbf0a31fd79f1c0b0808642a0c8036",
        "type": "github"
      },
      "original": {
        "owner": "NixOS",
        "repo": "nixpkgs",
        "type": "github"
      }
    },
    "nixpkgs_2": {
      "locked": {
        "lastModified": 1750969886,
        "narHash": "sha256-zW/OFnotiz/ndPFdebpo3X0CrbVNf22n4DjN2vxlb58=",
        "owner": "nixos",
        "repo": "nixpkgs",
        "rev": "a676066377a2fe7457369dd37c31fd2263b662f4",
        "type": "github"
      },
      "original": {
        "owner": "nixos",
        "ref": "nixos-25.05",
        "repo": "nixpkgs",
        "type": "github"
      }
    },
    "nixvim": {
      "inputs": {
        "flake-parts": "flake-parts",
        "nixpkgs": [
          "nixpkgs-unstable"
        ],
        "nuschtosSearch": "nuschtosSearch",
        "systems": "systems_2"
      },
      "locked": {
        "lastModified": 1751144320,
        "narHash": "sha256-KJsKiGfkfXFB23V26NQ1p+UPsexI6NKtivnrwSlWWdQ=",
        "owner": "nix-community",
        "repo": "nixvim",
        "rev": "ceb52aece5d571b37096945c2815604195a04eb4",
        "type": "github"
      },
      "original": {
        "owner": "nix-community",
        "repo": "nixvim",
        "type": "github"
      }
    },
    "nuschtosSearch": {
      "inputs": {
        "flake-utils": "flake-utils",
        "ixx": "ixx",
        "nixpkgs": [
          "nixvim",
          "nixpkgs"
        ]
      },
      "locked": {
        "lastModified": 1749730855,
        "narHash": "sha256-L3x2nSlFkXkM6tQPLJP3oCBMIsRifhIDPMQQdHO5xWo=",
        "owner": "NuschtOS",
        "repo": "search",
        "rev": "8dfe5879dd009ff4742b668d9c699bc4b9761742",
        "type": "github"
      },
      "original": {
        "owner": "NuschtOS",
        "repo": "search",
        "type": "github"
      }
    },
    "psonewserv": {
      "flake": false,
      "locked": {
        "lastModified": 1750894438,
        "narHash": "sha256-1wq2SxIhX60J2skqELHWacHQHuTaT8ohBXbz/t+1kO0=",
        "owner": "rlad78",
        "repo": "newserv",
        "rev": "ccab4990e53a682a7bf61328b88788d2d0d1839c",
        "type": "github"
      },
      "original": {
        "owner": "rlad78",
        "ref": "arf-v2025-06-25",
        "repo": "newserv",
        "type": "github"
      }
    },
    "root": {
      "inputs": {
        "firefox-gnome-theme": "firefox-gnome-theme",
        "home-manager": "home-manager",
        "nix-flatpak": "nix-flatpak",
        "nixarr": "nixarr",
        "nixos-hardware": "nixos-hardware",
        "nixpkgs": "nixpkgs_2",
        "nixpkgs-unstable": "nixpkgs-unstable",
        "nixvim": "nixvim",
        "psonewserv": "psonewserv"
      }
    },
    "systems": {
      "locked": {
        "lastModified": 1681028828,
        "narHash": "sha256-Vy1rq5AaRuLzOxct8nz4T6wlgyUR7zLU309k9mBC768=",
        "owner": "nix-systems",
        "repo": "default",
        "rev": "da67096a3b9bf56a91d16901293e51ba5b49a27e",
        "type": "github"
      },
      "original": {
        "owner": "nix-systems",
        "repo": "default",
        "type": "github"
      }
    },
    "systems_2": {
      "locked": {
        "lastModified": 1681028828,
        "narHash": "sha256-Vy1rq5AaRuLzOxct8nz4T6wlgyUR7zLU309k9mBC768=",
        "owner": "nix-systems",
        "repo": "default",
        "rev": "da67096a3b9bf56a91d16901293e51ba5b49a27e",
        "type": "github"
      },
      "original": {
        "owner": "nix-systems",
        "repo": "default",
        "type": "github"
      }
    },
    "vpnconfinement": {
      "locked": {
        "lastModified": 1740921534,
        "narHash": "sha256-orXe3m04DLTW3I19VVanClzpqeq7adnDTqKAD7aPbA8=",
        "owner": "Maroka-chan",
        "repo": "VPN-Confinement",
        "rev": "5eb7dc3e901f4dbb085eb37f5785473a9ae78bc4",
        "type": "github"
      },
      "original": {
        "owner": "Maroka-chan",
        "repo": "VPN-Confinement",
        "type": "github"
      }
    },
    "website-builder": {
      "inputs": {
        "nixpkgs": [
          "nixarr",
          "nixpkgs"
        ]
      },
      "locked": {
        "lastModified": 1741594814,
        "narHash": "sha256-YPAIywsWZVhQuy/cPJLi3PiWgoWDrqvQCBytXeSQYCk=",
        "owner": "rasmus-kirk",
        "repo": "website-builder",
        "rev": "e0239195b33103a4923011d8e96ef39a3397631b",
        "type": "github"
      },
      "original": {
        "owner": "rasmus-kirk",
        "repo": "website-builder",
        "type": "github"
      }
    }
  },
  "root": "root",
  "version": 7
}
